
Microsoft Visual Studio Solution File, Format Version 12.00
# Visual Studio Version 16
VisualStudioVersion = 16.0.30011.22
MinimumVisualStudioVersion = 10.0.40219.1
Project("{9A19103F-16F7-4668-BE54-9A1E7A4F7556}") = "ScssStructure", "ScssStructure\ScssStructure.csproj", "{8C4421AF-9148-4EF1-BA57-FD4D7DB5FDDF}"
EndProject
Project("{2150E333-8FDC-42A3-9474-1A3956D46DE8}") = "Common", "Common", "{7B998EB2-70C6-4E8F-AA7E-3B23DAB83ECA}"
EndProject
Project("{9A19103F-16F7-4668-BE54-9A1E7A4F7556}") = "SassLib", "Common\SassLib\SassLib.csproj", "{B40AEB1E-6971-4940-9B3A-75BD96412CD0}"
EndProject
Project("{2150E333-8FDC-42A3-9474-1A3956D46DE8}") = "Project", "Project", "{16EFC155-13D2-43D4-B404-9331642EBF10}"
EndProject
Project("{9A19103F-16F7-4668-BE54-9A1E7A4F7556}") = "MyProj.Core.Web", "MyProj.Core.Web\MyProj.Core.Web.csproj", "{4AE8CA0B-7717-48E3-B78C-5501D9DEB4C8}"
EndProject
Project("{9A19103F-16F7-4668-BE54-9A1E7A4F7556}") = "LazyStyleSheet", "Common\LazyStyleSheet\LazyStyleSheet.csproj", "{13F41C48-0623-4490-8146-9B5143B37385}"
EndProject
Global
	GlobalSection(SolutionConfigurationPlatforms) = preSolution
		Debug|Any CPU = Debug|Any CPU
		Release|Any CPU = Release|Any CPU
	EndGlobalSection
	GlobalSection(ProjectConfigurationPlatforms) = postSolution
		{8C4421AF-9148-4EF1-BA57-FD4D7DB5FDDF}.Debug|Any CPU.ActiveCfg = Debug|Any CPU
		{8C4421AF-9148-4EF1-BA57-FD4D7DB5FDDF}.Debug|Any CPU.Build.0 = Debug|Any CPU
		{8C4421AF-9148-4EF1-BA57-FD4D7DB5FDDF}.Release|Any CPU.ActiveCfg = Release|Any CPU
		{8C4421AF-9148-4EF1-BA57-FD4D7DB5FDDF}.Release|Any CPU.Build.0 = Release|Any CPU
		{B40AEB1E-6971-4940-9B3A-75BD96412CD0}.Debug|Any CPU.ActiveCfg = Debug|Any CPU
		{B40AEB1E-6971-4940-9B3A-75BD96412CD0}.Debug|Any CPU.Build.0 = Debug|Any CPU
		{B40AEB1E-6971-4940-9B3A-75BD96412CD0}.Release|Any CPU.ActiveCfg = Release|Any CPU
		{B40AEB1E-6971-4940-9B3A-75BD96412CD0}.Release|Any CPU.Build.0 = Release|Any CPU
		{4AE8CA0B-7717-48E3-B78C-5501D9DEB4C8}.Debug|Any CPU.ActiveCfg = Debug|Any CPU
		{4AE8CA0B-7717-48E3-B78C-5501D9DEB4C8}.Debug|Any CPU.Build.0 = Debug|Any CPU
		{4AE8CA0B-7717-48E3-B78C-5501D9DEB4C8}.Release|Any CPU.ActiveCfg = Release|Any CPU
		{4AE8CA0B-7717-48E3-B78C-5501D9DEB4C8}.Release|Any CPU.Build.0 = Release|Any CPU
		{13F41C48-0623-4490-8146-9B5143B37385}.Debug|Any CPU.ActiveCfg = Debug|Any CPU
		{13F41C48-0623-4490-8146-9B5143B37385}.Debug|Any CPU.Build.0 = Debug|Any CPU
		{13F41C48-0623-4490-8146-9B5143B37385}.Release|Any CPU.ActiveCfg = Release|Any CPU
		{13F41C48-0623-4490-8146-9B5143B37385}.Release|Any CPU.Build.0 = Release|Any CPU
	EndGlobalSection
	GlobalSection(SolutionProperties) = preSolution
		HideSolutionNode = FALSE
	EndGlobalSection
	GlobalSection(NestedProjects) = preSolution
		{B40AEB1E-6971-4940-9B3A-75BD96412CD0} = {7B998EB2-70C6-4E8F-AA7E-3B23DAB83ECA}
		{4AE8CA0B-7717-48E3-B78C-5501D9DEB4C8} = {16EFC155-13D2-43D4-B404-9331642EBF10}
		{13F41C48-0623-4490-8146-9B5143B37385} = {7B998EB2-70C6-4E8F-AA7E-3B23DAB83ECA}
	EndGlobalSection
	GlobalSection(ExtensibilityGlobals) = postSolution
		SolutionGuid = {4F9B98C6-C2F4-4B62-ACF1-8DF0DE6A8B97}
	EndGlobalSection
EndGlobal
