
Microsoft Visual Studio Solution File, Format Version 12.00
# Visual Studio Version 16
VisualStudioVersion = 16.0.30011.22
MinimumVisualStudioVersion = 10.0.40219.1
Project("{9A19103F-16F7-4668-BE54-9A1E7A4F7556}") = "LazyStyleSheet", "LazyStyleSheet.csproj", "{89CF8849-430F-45DA-83A0-E92C2EA95D8A}"
EndProject
Global
	GlobalSection(SolutionConfigurationPlatforms) = preSolution
		Debug|Any CPU = Debug|Any CPU
		Release|Any CPU = Release|Any CPU
	EndGlobalSection
	GlobalSection(ProjectConfigurationPlatforms) = postSolution
		{89CF8849-430F-45DA-83A0-E92C2EA95D8A}.Debug|Any CPU.ActiveCfg = Debug|Any CPU
		{89CF8849-430F-45DA-83A0-E92C2EA95D8A}.Debug|Any CPU.Build.0 = Debug|Any CPU
		{89CF8849-430F-45DA-83A0-E92C2EA95D8A}.Release|Any CPU.ActiveCfg = Release|Any CPU
		{89CF8849-430F-45DA-83A0-E92C2EA95D8A}.Release|Any CPU.Build.0 = Release|Any CPU
	EndGlobalSection
	GlobalSection(SolutionProperties) = preSolution
		HideSolutionNode = FALSE
	EndGlobalSection
	GlobalSection(ExtensibilityGlobals) = postSolution
		SolutionGuid = {0700F560-03FE-4EE2-850C-FD344F9BA663}
	EndGlobalSection
EndGlobal
